{
  "name": "docs",
  "version": "1.0.0",
  "lockfileVersion": 3,
  "requires": true,
  "packages": {
    "": {
      "name": "docs",
      "version": "1.0.0",
      "license": "ISC",
      "dependencies": {
        "@fastify/swagger": "^9.6.1",
        "@fastify/swagger-ui": "^5.2.3",
        "fastify": "^5.6.2",
        "js-yaml": "^4.1.1"
      },
      "devDependencies": {
        "@types/js-yaml": "^4.0.9",
        "@types/node": "20.12.12",
        "typescript": "5.4.5"
      }
    },
    "../../node_modules/.pnpm/@fastify+swagger-ui@5.2.3/node_modules/@fastify/swagger-ui": {
      "version": "5.2.3",
      "funding": [
        {
          "type": "github",
          "url": "https://github.com/sponsors/fastify"
        },
        {
          "type": "opencollective",
          "url": "https://opencollective.com/fastify"
        }
      ],
      "license": "MIT",
      "dependencies": {
        "@fastify/static": "^8.0.0",
        "fastify-plugin": "^5.0.0",
        "openapi-types": "^12.1.3",
        "rfdc": "^1.3.1",
        "yaml": "^2.4.1"
      },
      "devDependencies": {
        "@apidevtools/swagger-parser": "^10.1.0",
        "@fastify/basic-auth": "^6.0.0",
        "@fastify/helmet": "^13.0.0",
        "@fastify/pre-commit": "^2.1.0",
        "@fastify/swagger": "^9.0.0",
        "@playwright/test": "^1.43.1",
        "@types/node": "^22.0.0",
        "ajv": "^8.12.0",
        "c8": "^10.1.2",
        "eslint": "^9.17.0",
        "fastify": "^5.0.0",
        "fs-extra": "^11.2.0",
        "neostandard": "^0.12.0",
        "qs": "^6.12.1",
        "swagger-ui-dist": "5.21.0",
        "tsd": "^0.32.0"
      }
    },
    "../../node_modules/.pnpm/@fastify+swagger@9.6.1/node_modules/@fastify/swagger": {
      "version": "9.6.1",
      "funding": [
        {
          "type": "github",
          "url": "https://github.com/sponsors/fastify"
        },
        {
          "type": "opencollective",
          "url": "https://opencollective.com/fastify"
        }
      ],
      "license": "MIT",
      "dependencies": {
        "fastify-plugin": "^5.0.0",
        "json-schema-resolver": "^3.0.0",
        "openapi-types": "^12.1.3",
        "rfdc": "^1.3.1",
        "yaml": "^2.4.2"
      },
      "devDependencies": {
        "@apidevtools/swagger-parser": "^12.0.0",
        "@fastify/cookie": "^11.0.1",
        "@types/node": "^24.0.10",
        "c8": "^10.1.3",
        "eslint": "^9.17.0",
        "fastify": "^5.0.0",
        "fluent-json-schema": "^6.0.0",
        "joi": "^17.13.1",
        "joi-to-json": "^5.0.0",
        "neostandard": "^0.12.0",
        "qs": "^6.12.1",
        "tsd": "^0.33.0"
      }
    },
    "../../node_modules/.pnpm/@types+node@20.12.12/node_modules/@types/node": {
      "version": "20.12.12",
      "dev": true,
      "license": "MIT",
      "dependencies": {
        "undici-types": "~5.26.4"
      }
    },
    "../../node_modules/.pnpm/fastify@5.6.2/node_modules/fastify": {
      "version": "5.6.2",
      "funding": [
        {
          "type": "github",
          "url": "https://github.com/sponsors/fastify"
        },
        {
          "type": "opencollective",
          "url": "https://opencollective.com/fastify"
        }
      ],
      "license": "MIT",
      "dependencies": {
        "@fastify/ajv-compiler": "^4.0.0",
        "@fastify/error": "^4.0.0",
        "@fastify/fast-json-stringify-compiler": "^5.0.0",
        "@fastify/proxy-addr": "^5.0.0",
        "abstract-logging": "^2.0.1",
        "avvio": "^9.0.0",
        "fast-json-stringify": "^6.0.0",
        "find-my-way": "^9.0.0",
        "light-my-request": "^6.0.0",
        "pino": "^10.1.0",
        "process-warning": "^5.0.0",
        "rfdc": "^1.3.1",
        "secure-json-parse": "^4.0.0",
        "semver": "^7.6.0",
        "toad-cache": "^3.7.0"
      },
      "devDependencies": {
        "@jsumners/line-reporter": "^1.0.1",
        "@sinclair/typebox": "^0.34.13",
        "@sinonjs/fake-timers": "^11.2.2",
        "@stylistic/eslint-plugin": "^5.1.0",
        "@stylistic/eslint-plugin-js": "^4.1.0",
        "@types/node": "^24.0.12",
        "ajv": "^8.12.0",
        "ajv-errors": "^3.0.0",
        "ajv-formats": "^3.0.1",
        "ajv-i18n": "^4.2.0",
        "ajv-merge-patch": "^5.0.1",
        "autocannon": "^8.0.0",
        "borp": "^0.21.0",
        "branch-comparer": "^1.1.0",
        "concurrently": "^9.1.2",
        "cross-env": "^10.0.0",
        "eslint": "^9.0.0",
        "fast-json-body": "^1.1.0",
        "fastify-plugin": "^5.0.0",
        "fluent-json-schema": "^6.0.0",
        "h2url": "^0.2.0",
        "http-errors": "^2.0.0",
        "joi": "^18.0.1",
        "json-schema-to-ts": "^3.0.1",
        "JSONStream": "^1.3.5",
        "markdownlint-cli2": "^0.18.1",
        "neostandard": "^0.12.0",
        "node-forge": "^1.3.1",
        "proxyquire": "^2.1.3",
        "split2": "^4.2.0",
        "tsd": "^0.33.0",
        "typescript": "~5.9.2",
        "undici": "^7.11.0",
        "vary": "^1.1.2",
        "yup": "^1.4.0"
      }
    },
    "../../node_modules/.pnpm/js-yaml@4.1.1/node_modules/js-yaml": {
      "version": "4.1.1",
      "license": "MIT",
      "dependencies": {
        "argparse": "^2.0.1"
      },
      "bin": {
        "js-yaml": "bin/js-yaml.js"
      },
      "devDependencies": {
        "@rollup/plugin-commonjs": "^17.0.0",
        "@rollup/plugin-node-resolve": "^11.0.0",
        "ansi": "^0.3.1",
        "benchmark": "^2.1.4",
        "codemirror": "^5.13.4",
        "eslint": "^7.0.0",
        "fast-check": "^2.8.0",
        "gh-pages": "^3.1.0",
        "mocha": "^8.2.1",
        "nyc": "^15.1.0",
        "rollup": "^2.34.1",
        "rollup-plugin-node-polyfills": "^0.2.1",
        "rollup-plugin-terser": "^7.0.2",
        "shelljs": "^0.8.4"
      }
    },
    "../../node_modules/.pnpm/typescript@5.4.5/node_modules/typescript": {
      "version": "5.4.5",
      "dev": true,
      "license": "Apache-2.0",
      "bin": {
        "tsc": "bin/tsc",
        "tsserver": "bin/tsserver"
      },
      "devDependencies": {
        "@esfx/canceltoken": "^1.0.0",
        "@octokit/rest": "^20.0.2",
        "@types/chai": "^4.3.11",
        "@types/glob": "^8.1.0",
        "@types/microsoft__typescript-etw": "^0.1.3",
        "@types/minimist": "^1.2.5",
        "@types/mocha": "^10.0.6",
        "@types/ms": "^0.7.34",
        "@types/node": "latest",
        "@types/source-map-support": "^0.5.10",
        "@types/which": "^3.0.3",
        "@typescript-eslint/eslint-plugin": "^6.19.0",
        "@typescript-eslint/parser": "^6.19.0",
        "@typescript-eslint/utils": "^6.19.0",
        "azure-devops-node-api": "^12.3.0",
        "c8": "^9.1.0",
        "chai": "^4.4.1",
        "chalk": "^4.1.2",
        "chokidar": "^3.5.3",
        "diff": "^5.1.0",
        "dprint": "^0.45.0",
        "esbuild": "^0.20.0",
        "eslint": "^8.56.0",
        "eslint-formatter-autolinkable-stylish": "^1.3.0",
        "eslint-plugin-local": "^3.1.0",
        "eslint-plugin-no-null": "^1.0.2",
        "eslint-plugin-simple-import-sort": "^10.0.0",
        "fast-xml-parser": "^4.3.3",
        "glob": "^10.3.10",
        "hereby": "^1.8.9",
        "jsonc-parser": "^3.2.0",
        "minimist": "^1.2.8",
        "mocha": "^10.2.0",
        "mocha-fivemat-progress-reporter": "^0.1.0",
        "ms": "^2.1.3",
        "node-fetch": "^3.3.2",
        "playwright": "^1.41.0",
        "source-map-support": "^0.5.21",
        "tslib": "^2.6.2",
        "typescript": "5.4.0-dev.20240119",
        "which": "^3.0.1"
      },
      "engines": {
        "node": ">=14.17"
      }
    },
    "node_modules/@fastify/swagger": {
      "resolved": "../../node_modules/.pnpm/@fastify+swagger@9.6.1/node_modules/@fastify/swagger",
      "link": true
    },
    "node_modules/@fastify/swagger-ui": {
      "resolved": "../../node_modules/.pnpm/@fastify+swagger-ui@5.2.3/node_modules/@fastify/swagger-ui",
      "link": true
    },
    "node_modules/@types/js-yaml": {
      "version": "4.0.9",
      "resolved": "https://registry.npmjs.org/@types/js-yaml/-/js-yaml-4.0.9.tgz",
      "integrity": "sha512-k4MGaQl5TGo/iipqb2UDG2UwjXziSWkh0uysQelTlJpX1qGlpUZYm8PnO4DxG1qBomtJUdYJ6qR6xdIah10JLg==",
      "dev": true,
      "license": "MIT"
    },
    "node_modules/@types/node": {
      "resolved": "../../node_modules/.pnpm/@types+node@20.12.12/node_modules/@types/node",
      "link": true
    },
    "node_modules/fastify": {
      "resolved": "../../node_modules/.pnpm/fastify@5.6.2/node_modules/fastify",
      "link": true
    },
    "node_modules/js-yaml": {
      "resolved": "../../node_modules/.pnpm/js-yaml@4.1.1/node_modules/js-yaml",
      "link": true
    },
    "node_modules/typescript": {
      "resolved": "../../node_modules/.pnpm/typescript@5.4.5/node_modules/typescript",
      "link": true
    }
  }
}
